
Microsoft Visual Studio Solution File, Format Version 12.00
# Visual Studio 2012
Project("{FAE04EC0-301F-11D3-BF4B-00C04F79EFBC}") = "Export2Garmin", "Export2Garmin\Export2Garmin.csproj", "{2E1C323B-3847-4EDF-A178-404B871C11C3}"
EndProject
Global
	GlobalSection(TeamFoundationVersionControl) = preSolution
		SccNumberOfProjects = 2
		SccEnterpriseProvider = {4CA58AB2-18FA-4F8D-95D4-32DDF27D184C}
		SccTeamFoundationServer = https://netsavants.visualstudio.com/defaultcollection
		SccLocalPath0 = .
		SccProjectUniqueName1 = Export2Garmin\\Export2Garmin.csproj
		SccProjectName1 = Export2Garmin
		SccLocalPath1 = Export2Garmin
	EndGlobalSection
	GlobalSection(SolutionConfigurationPlatforms) = preSolution
		Debug|Any CPU = Debug|Any CPU
		Release|Any CPU = Release|Any CPU
	EndGlobalSection
	GlobalSection(ProjectConfigurationPlatforms) = postSolution
		{2E1C323B-3847-4EDF-A178-404B871C11C3}.Debug|Any CPU.ActiveCfg = Debug|Any CPU
		{2E1C323B-3847-4EDF-A178-404B871C11C3}.Debug|Any CPU.Build.0 = Debug|Any CPU
		{2E1C323B-3847-4EDF-A178-404B871C11C3}.Debug|Any CPU.Deploy.0 = Debug|Any CPU
		{2E1C323B-3847-4EDF-A178-404B871C11C3}.Release|Any CPU.ActiveCfg = Release|Any CPU
		{2E1C323B-3847-4EDF-A178-404B871C11C3}.Release|Any CPU.Build.0 = Release|Any CPU
		{2E1C323B-3847-4EDF-A178-404B871C11C3}.Release|Any CPU.Deploy.0 = Release|Any CPU
	EndGlobalSection
	GlobalSection(SolutionProperties) = preSolution
		HideSolutionNode = FALSE
	EndGlobalSection
EndGlobal
